
Microsoft Visual Studio Solution File, Format Version 12.00
# Visual Studio Version 17
VisualStudioVersion = 17.14.36518.9 d17.14
MinimumVisualStudioVersion = 10.0.40219.1
Project("{FAE04EC0-301F-11D3-BF4B-00C04F79EFBC}") = "dotnet-demo", "dotnet-demo\dotnet-demo.csproj", "{DFCC4F9D-1ECB-C00F-69B4-8762F7EC803D}"
EndProject
Project("{FAE04EC0-301F-11D3-BF4B-00C04F79EFBC}") = "dotnet-demo.AppHost", "dotnet-demo.AppHost\dotnet-demo.AppHost.csproj", "{A69C6DB7-A043-459B-AC01-4315BB0AEAEB}"
EndProject
Project("{FAE04EC0-301F-11D3-BF4B-00C04F79EFBC}") = "dotnet-demo.ServiceDefaults", "dotnet-demo.ServiceDefaults\dotnet-demo.ServiceDefaults.csproj", "{483E0A36-5071-5F82-7381-4D8FAAB28C19}"
EndProject
Global
	GlobalSection(SolutionConfigurationPlatforms) = preSolution
		Debug|Any CPU = Debug|Any CPU
		Release|Any CPU = Release|Any CPU
	EndGlobalSection
	GlobalSection(ProjectConfigurationPlatforms) = postSolution
		{DFCC4F9D-1ECB-C00F-69B4-8762F7EC803D}.Debug|Any CPU.ActiveCfg = Debug|Any CPU
		{DFCC4F9D-1ECB-C00F-69B4-8762F7EC803D}.Debug|Any CPU.Build.0 = Debug|Any CPU
		{DFCC4F9D-1ECB-C00F-69B4-8762F7EC803D}.Release|Any CPU.ActiveCfg = Release|Any CPU
		{DFCC4F9D-1ECB-C00F-69B4-8762F7EC803D}.Release|Any CPU.Build.0 = Release|Any CPU
		{A69C6DB7-A043-459B-AC01-4315BB0AEAEB}.Debug|Any CPU.ActiveCfg = Debug|Any CPU
		{A69C6DB7-A043-459B-AC01-4315BB0AEAEB}.Debug|Any CPU.Build.0 = Debug|Any CPU
		{A69C6DB7-A043-459B-AC01-4315BB0AEAEB}.Release|Any CPU.ActiveCfg = Release|Any CPU
		{A69C6DB7-A043-459B-AC01-4315BB0AEAEB}.Release|Any CPU.Build.0 = Release|Any CPU
		{483E0A36-5071-5F82-7381-4D8FAAB28C19}.Debug|Any CPU.ActiveCfg = Debug|Any CPU
		{483E0A36-5071-5F82-7381-4D8FAAB28C19}.Debug|Any CPU.Build.0 = Debug|Any CPU
		{483E0A36-5071-5F82-7381-4D8FAAB28C19}.Release|Any CPU.ActiveCfg = Release|Any CPU
		{483E0A36-5071-5F82-7381-4D8FAAB28C19}.Release|Any CPU.Build.0 = Release|Any CPU
	EndGlobalSection
	GlobalSection(SolutionProperties) = preSolution
		HideSolutionNode = FALSE
	EndGlobalSection
	GlobalSection(ExtensibilityGlobals) = postSolution
		SolutionGuid = {796EAE54-21B8-41D1-BF0F-44C13564BAE4}
	EndGlobalSection
EndGlobal
